
Microsoft Visual Studio Solution File, Format Version 12.00
# Visual Studio Version 16
VisualStudioVersion = 16.0.32929.386
MinimumVisualStudioVersion = 10.0.40219.1
Project("{8BC9CEB8-8B4A-11D0-8D11-00A0C91BC942}") = "snail", "snail\snail.vcxproj", "{F78B8A8D-39E2-40A1-9620-3D92962C15B5}"
EndProject
Global
	GlobalSection(SolutionConfigurationPlatforms) = preSolution
		Debug|x64 = Debug|x64
		Debug|x86 = Debug|x86
		Release|x64 = Release|x64
		Release|x86 = Release|x86
	EndGlobalSection
	GlobalSection(ProjectConfigurationPlatforms) = postSolution
		{F78B8A8D-39E2-40A1-9620-3D92962C15B5}.Debug|x64.ActiveCfg = Debug|x64
		{F78B8A8D-39E2-40A1-9620-3D92962C15B5}.Debug|x64.Build.0 = Debug|x64
		{F78B8A8D-39E2-40A1-9620-3D92962C15B5}.Debug|x86.ActiveCfg = Debug|Win32
		{F78B8A8D-39E2-40A1-9620-3D92962C15B5}.Debug|x86.Build.0 = Debug|Win32
		{F78B8A8D-39E2-40A1-9620-3D92962C15B5}.Release|x64.ActiveCfg = Release|x64
		{F78B8A8D-39E2-40A1-9620-3D92962C15B5}.Release|x64.Build.0 = Release|x64
		{F78B8A8D-39E2-40A1-9620-3D92962C15B5}.Release|x86.ActiveCfg = Release|Win32
		{F78B8A8D-39E2-40A1-9620-3D92962C15B5}.Release|x86.Build.0 = Release|Win32
	EndGlobalSection
	GlobalSection(SolutionProperties) = preSolution
		HideSolutionNode = FALSE
	EndGlobalSection
	GlobalSection(ExtensibilityGlobals) = postSolution
		SolutionGuid = {F9A0E742-F582-4A54-8C1E-F6AF4B6CEF16}
	EndGlobalSection
EndGlobal
