
Microsoft Visual Studio Solution File, Format Version 12.00
# Visual Studio Version 16
VisualStudioVersion = 16.0.32929.386
MinimumVisualStudioVersion = 10.0.40219.1
Project("{8BC9CEB8-8B4A-11D0-8D11-00A0C91BC942}") = "vector", "vector\vector.vcxproj", "{5CB1A438-BF8B-4929-9178-308549248AD3}"
EndProject
Project("{8BC9CEB8-8B4A-11D0-8D11-00A0C91BC942}") = "vector2", "vector2\vector2.vcxproj", "{C8A9721B-CCED-4229-BCA2-43EEF5D6F4F9}"
EndProject
Project("{8BC9CEB8-8B4A-11D0-8D11-00A0C91BC942}") = "vector3", "vector3\vector3.vcxproj", "{0AC8301D-10C3-4C55-B3E9-905AB8B9798D}"
EndProject
Global
	GlobalSection(SolutionConfigurationPlatforms) = preSolution
		Debug|x64 = Debug|x64
		Debug|x86 = Debug|x86
		Release|x64 = Release|x64
		Release|x86 = Release|x86
	EndGlobalSection
	GlobalSection(ProjectConfigurationPlatforms) = postSolution
		{5CB1A438-BF8B-4929-9178-308549248AD3}.Debug|x64.ActiveCfg = Debug|x64
		{5CB1A438-BF8B-4929-9178-308549248AD3}.Debug|x64.Build.0 = Debug|x64
		{5CB1A438-BF8B-4929-9178-308549248AD3}.Debug|x86.ActiveCfg = Debug|Win32
		{5CB1A438-BF8B-4929-9178-308549248AD3}.Debug|x86.Build.0 = Debug|Win32
		{5CB1A438-BF8B-4929-9178-308549248AD3}.Release|x64.ActiveCfg = Release|x64
		{5CB1A438-BF8B-4929-9178-308549248AD3}.Release|x64.Build.0 = Release|x64
		{5CB1A438-BF8B-4929-9178-308549248AD3}.Release|x86.ActiveCfg = Release|Win32
		{5CB1A438-BF8B-4929-9178-308549248AD3}.Release|x86.Build.0 = Release|Win32
		{C8A9721B-CCED-4229-BCA2-43EEF5D6F4F9}.Debug|x64.ActiveCfg = Debug|x64
		{C8A9721B-CCED-4229-BCA2-43EEF5D6F4F9}.Debug|x64.Build.0 = Debug|x64
		{C8A9721B-CCED-4229-BCA2-43EEF5D6F4F9}.Debug|x86.ActiveCfg = Debug|Win32
		{C8A9721B-CCED-4229-BCA2-43EEF5D6F4F9}.Debug|x86.Build.0 = Debug|Win32
		{C8A9721B-CCED-4229-BCA2-43EEF5D6F4F9}.Release|x64.ActiveCfg = Release|x64
		{C8A9721B-CCED-4229-BCA2-43EEF5D6F4F9}.Release|x64.Build.0 = Release|x64
		{C8A9721B-CCED-4229-BCA2-43EEF5D6F4F9}.Release|x86.ActiveCfg = Release|Win32
		{C8A9721B-CCED-4229-BCA2-43EEF5D6F4F9}.Release|x86.Build.0 = Release|Win32
		{0AC8301D-10C3-4C55-B3E9-905AB8B9798D}.Debug|x64.ActiveCfg = Debug|x64
		{0AC8301D-10C3-4C55-B3E9-905AB8B9798D}.Debug|x64.Build.0 = Debug|x64
		{0AC8301D-10C3-4C55-B3E9-905AB8B9798D}.Debug|x86.ActiveCfg = Debug|Win32
		{0AC8301D-10C3-4C55-B3E9-905AB8B9798D}.Debug|x86.Build.0 = Debug|Win32
		{0AC8301D-10C3-4C55-B3E9-905AB8B9798D}.Release|x64.ActiveCfg = Release|x64
		{0AC8301D-10C3-4C55-B3E9-905AB8B9798D}.Release|x64.Build.0 = Release|x64
		{0AC8301D-10C3-4C55-B3E9-905AB8B9798D}.Release|x86.ActiveCfg = Release|Win32
		{0AC8301D-10C3-4C55-B3E9-905AB8B9798D}.Release|x86.Build.0 = Release|Win32
	EndGlobalSection
	GlobalSection(SolutionProperties) = preSolution
		HideSolutionNode = FALSE
	EndGlobalSection
	GlobalSection(ExtensibilityGlobals) = postSolution
		SolutionGuid = {979692CE-D13B-4A5E-B6F0-1EFCA962A588}
	EndGlobalSection
EndGlobal
